<?xml version="1.0" encoding="utf-8"?>
<Project ToolsVersion="4.0" xmlns="http://schemas.microsoft.com/developer/msbuild/2003">
  <ItemGroup>
    <Filter Include="소스 파일">
      <UniqueIdentifier>{4FC737F1-C7A5-4376-A066-2A32D752A2FF}</UniqueIdentifier>
      <Extensions>cpp;c;cc;cxx;c++;cppm;ixx;def;odl;idl;hpj;bat;asm;asmx</Extensions>
    </Filter>
    <Filter Include="헤더 파일">
      <UniqueIdentifier>{93995380-89BD-4b04-88EB-625FBE52EBFB}</UniqueIdentifier>
      <Extensions>h;hh;hpp;hxx;h++;hm;inl;inc;ipp;xsd</Extensions>
    </Filter>
    <Filter Include="리소스 파일">
      <UniqueIdentifier>{67DA6AB6-F800-4c08-8B7A-83BB121AAD01}</UniqueIdentifier>
      <Extensions>rc;ico;cur;bmp;dlg;rc2;rct;bin;rgs;gif;jpg;jpeg;jpe;resx;tiff;tif;png;wav;mfcribbon-ms</Extensions>
    </Filter>
    <Filter Include="Device">
      <UniqueIdentifier>{2ba5b633-16f1-4148-b510-e7b9baccad08}</UniqueIdentifier>
    </Filter>
    <Filter Include="Interface">
      <UniqueIdentifier>{dff861f3-77d4-469d-a33c-30da1bebe1cf}</UniqueIdentifier>
    </Filter>
    <Filter Include="Renderer">
      <UniqueIdentifier>{6664426d-d6ef-431c-902d-ce3167d71471}</UniqueIdentifier>
    </Filter>
    <Filter Include="RenderTarget">
      <UniqueIdentifier>{6b6a72cf-f45b-487f-9feb-0a079fbcf654}</UniqueIdentifier>
    </Filter>
    <Filter Include="Data">
      <UniqueIdentifier>{587c0751-de8c-4915-9fdc-36e7b65a8bf7}</UniqueIdentifier>
    </Filter>
    <Filter Include="Desc">
      <UniqueIdentifier>{0d51df0d-784c-4248-9098-cfd2501e64a6}</UniqueIdentifier>
    </Filter>
  </ItemGroup>
  <ItemGroup>
    <ClInclude Include="framework.h">
      <Filter>헤더 파일</Filter>
    </ClInclude>
    <ClInclude Include="pch.h">
      <Filter>헤더 파일</Filter>
    </ClInclude>
    <ClInclude Include="GraphicsDevice.h">
      <Filter>Device</Filter>
    </ClInclude>
    <ClInclude Include="IGraphics.h">
      <Filter>Interface</Filter>
    </ClInclude>
    <ClInclude Include="GraphicsRenderer.h">
      <Filter>Renderer</Filter>
    </ClInclude>
    <ClInclude Include="GraphicsRenderTarget.h">
      <Filter>RenderTarget</Filter>
    </ClInclude>
    <ClInclude Include="GraphicsTexture.h">
      <Filter>Data</Filter>
    </ClInclude>
    <ClInclude Include="GraphicsBuffer.h">
      <Filter>Data</Filter>
    </ClInclude>
    <ClInclude Include="GraphicsSamplerState.h">
      <Filter>Data</Filter>
    </ClInclude>
    <ClInclude Include="GraphicsShader.h">
      <Filter>Data</Filter>
    </ClInclude>
    <ClInclude Include="GraphicsDesc.h">
      <Filter>Desc</Filter>
    </ClInclude>
  </ItemGroup>
  <ItemGroup>
    <ClCompile Include="Graphics.cpp">
      <Filter>소스 파일</Filter>
    </ClCompile>
    <ClCompile Include="pch.cpp">
      <Filter>소스 파일</Filter>
    </ClCompile>
    <ClCompile Include="GraphicsDevice.cpp">
      <Filter>Device</Filter>
    </ClCompile>
    <ClCompile Include="IGraphics.cpp">
      <Filter>Interface</Filter>
    </ClCompile>
    <ClCompile Include="GraphicsRenderer.cpp">
      <Filter>Renderer</Filter>
    </ClCompile>
    <ClCompile Include="GraphicsRenderTarget.cpp">
      <Filter>RenderTarget</Filter>
    </ClCompile>
    <ClCompile Include="GraphicsTexture.cpp">
      <Filter>Data</Filter>
    </ClCompile>
    <ClCompile Include="GraphicsBuffer.cpp">
      <Filter>Data</Filter>
    </ClCompile>
    <ClCompile Include="GraphicsSamplerState.cpp">
      <Filter>Data</Filter>
    </ClCompile>
    <ClCompile Include="GraphicsShader.cpp">
      <Filter>Data</Filter>
    </ClCompile>
    <ClCompile Include="GraphicsDesc.cpp">
      <Filter>Desc</Filter>
    </ClCompile>
  </ItemGroup>
</Project>